
Microsoft Visual Studio Solution File, Format Version 12.00
Project("{FAE04EC0-301F-11D3-BF4B-00C04F79EFBC}") = "codeBattleService", "codeBattleService\codeBattleService.csproj", "{ECB6AF39-9660-421D-B6A2-5D9DF4C153F2}"
EndProject
Project("{2150E333-8FDC-42A3-9474-1A3956D46DE8}") = "Solution Items", "Solution Items", "{B451E115-73A6-4786-8312-A67F874C167A}"
	ProjectSection(SolutionItems) = preProject
		docker-compose.yml = docker-compose.yml
	EndProjectSection
EndProject
Project("{FAE04EC0-301F-11D3-BF4B-00C04F79EFBC}") = "Infrastructeres", "Infrastructeres\Infrastructeres.csproj", "{D94EE60C-C492-4145-A5E7-520E5AD5BE7D}"
EndProject
Global
	GlobalSection(SolutionConfigurationPlatforms) = preSolution
		Debug|Any CPU = Debug|Any CPU
		Release|Any CPU = Release|Any CPU
	EndGlobalSection
	GlobalSection(ProjectConfigurationPlatforms) = postSolution
		{ECB6AF39-9660-421D-B6A2-5D9DF4C153F2}.Debug|Any CPU.ActiveCfg = Debug|Any CPU
		{ECB6AF39-9660-421D-B6A2-5D9DF4C153F2}.Debug|Any CPU.Build.0 = Debug|Any CPU
		{ECB6AF39-9660-421D-B6A2-5D9DF4C153F2}.Release|Any CPU.ActiveCfg = Release|Any CPU
		{ECB6AF39-9660-421D-B6A2-5D9DF4C153F2}.Release|Any CPU.Build.0 = Release|Any CPU
		{D94EE60C-C492-4145-A5E7-520E5AD5BE7D}.Debug|Any CPU.ActiveCfg = Debug|Any CPU
		{D94EE60C-C492-4145-A5E7-520E5AD5BE7D}.Debug|Any CPU.Build.0 = Debug|Any CPU
		{D94EE60C-C492-4145-A5E7-520E5AD5BE7D}.Release|Any CPU.ActiveCfg = Release|Any CPU
		{D94EE60C-C492-4145-A5E7-520E5AD5BE7D}.Release|Any CPU.Build.0 = Release|Any CPU
	EndGlobalSection
	GlobalSection(NestedProjects) = preSolution
	EndGlobalSection
EndGlobal
