
Microsoft Visual Studio Solution File, Format Version 12.00
# Visual Studio Version 17
VisualStudioVersion = 17.8.34330.188
MinimumVisualStudioVersion = 10.0.40219.1
Project("{9A19103F-16F7-4668-BE54-9A1E7A4F7556}") = "PresentationLayer", "PresentationLayer\PresentationLayer.csproj", "{ECB6AF39-9660-421D-B6A2-5D9DF4C153F2}"
	ProjectSection(ProjectDependencies) = postProject
		{92D528E1-D250-4BFA-A934-19F66E085EB9} = {92D528E1-D250-4BFA-A934-19F66E085EB9}
	EndProjectSection
EndProject
Project("{2150E333-8FDC-42A3-9474-1A3956D46DE8}") = "Solution Items", "Solution Items", "{B451E115-73A6-4786-8312-A67F874C167A}"
	ProjectSection(SolutionItems) = preProject
		docker-compose.yml = docker-compose.yml
	EndProjectSection
EndProject
Project("{9A19103F-16F7-4668-BE54-9A1E7A4F7556}") = "Infrastructeres", "Infrastructeres\Infrastructeres.csproj", "{D94EE60C-C492-4145-A5E7-520E5AD5BE7D}"
EndProject
Project("{9A19103F-16F7-4668-BE54-9A1E7A4F7556}") = "BuisnessLogicLayer", "BuisnessLogicLayer\BuisnessLogicLayer.csproj", "{F700E2B0-A961-471D-865B-6362A98DD25A}"
EndProject
Project("{9A19103F-16F7-4668-BE54-9A1E7A4F7556}") = "DataAccessLayer", "DataAccessLayer\DataAccessLayer.csproj", "{92D528E1-D250-4BFA-A934-19F66E085EB9}"
EndProject
Global
	GlobalSection(SolutionConfigurationPlatforms) = preSolution
		Debug|Any CPU = Debug|Any CPU
		Release|Any CPU = Release|Any CPU
	EndGlobalSection
	GlobalSection(ProjectConfigurationPlatforms) = postSolution
		{ECB6AF39-9660-421D-B6A2-5D9DF4C153F2}.Debug|Any CPU.ActiveCfg = Debug|Any CPU
		{ECB6AF39-9660-421D-B6A2-5D9DF4C153F2}.Debug|Any CPU.Build.0 = Debug|Any CPU
		{ECB6AF39-9660-421D-B6A2-5D9DF4C153F2}.Release|Any CPU.ActiveCfg = Release|Any CPU
		{ECB6AF39-9660-421D-B6A2-5D9DF4C153F2}.Release|Any CPU.Build.0 = Release|Any CPU
		{D94EE60C-C492-4145-A5E7-520E5AD5BE7D}.Debug|Any CPU.ActiveCfg = Debug|Any CPU
		{D94EE60C-C492-4145-A5E7-520E5AD5BE7D}.Debug|Any CPU.Build.0 = Debug|Any CPU
		{D94EE60C-C492-4145-A5E7-520E5AD5BE7D}.Release|Any CPU.ActiveCfg = Release|Any CPU
		{D94EE60C-C492-4145-A5E7-520E5AD5BE7D}.Release|Any CPU.Build.0 = Release|Any CPU
		{F700E2B0-A961-471D-865B-6362A98DD25A}.Debug|Any CPU.ActiveCfg = Debug|Any CPU
		{F700E2B0-A961-471D-865B-6362A98DD25A}.Debug|Any CPU.Build.0 = Debug|Any CPU
		{F700E2B0-A961-471D-865B-6362A98DD25A}.Release|Any CPU.ActiveCfg = Release|Any CPU
		{F700E2B0-A961-471D-865B-6362A98DD25A}.Release|Any CPU.Build.0 = Release|Any CPU
		{92D528E1-D250-4BFA-A934-19F66E085EB9}.Debug|Any CPU.ActiveCfg = Debug|Any CPU
		{92D528E1-D250-4BFA-A934-19F66E085EB9}.Debug|Any CPU.Build.0 = Debug|Any CPU
		{92D528E1-D250-4BFA-A934-19F66E085EB9}.Release|Any CPU.ActiveCfg = Release|Any CPU
		{92D528E1-D250-4BFA-A934-19F66E085EB9}.Release|Any CPU.Build.0 = Release|Any CPU
	EndGlobalSection
	GlobalSection(SolutionProperties) = preSolution
		HideSolutionNode = FALSE
	EndGlobalSection
	GlobalSection(ExtensibilityGlobals) = postSolution
		SolutionGuid = {1D830FF8-2137-4181-A2BE-78A118FDBD88}
	EndGlobalSection
EndGlobal
